
Microsoft Visual Studio Solution File, Format Version 12.00
# Visual Studio Version 17
VisualStudioVersion = 17.4.33205.214
MinimumVisualStudioVersion = 10.0.40219.1
Project("{FAE04EC0-301F-11D3-BF4B-00C04F79EFBC}") = "MotoMeeter", "MotoMeeter\MotoMeeter.csproj", "{A12969AB-3CA4-4FD2-A2BA-3017C9EC74F1}"
EndProject
Global
	GlobalSection(SolutionConfigurationPlatforms) = preSolution
		Debug|Any CPU = Debug|Any CPU
		Release|Any CPU = Release|Any CPU
	EndGlobalSection
	GlobalSection(ProjectConfigurationPlatforms) = postSolution
		{A12969AB-3CA4-4FD2-A2BA-3017C9EC74F1}.Debug|Any CPU.ActiveCfg = Debug|Any CPU
		{A12969AB-3CA4-4FD2-A2BA-3017C9EC74F1}.Debug|Any CPU.Build.0 = Debug|Any CPU
		{A12969AB-3CA4-4FD2-A2BA-3017C9EC74F1}.Release|Any CPU.ActiveCfg = Release|Any CPU
		{A12969AB-3CA4-4FD2-A2BA-3017C9EC74F1}.Release|Any CPU.Build.0 = Release|Any CPU
	EndGlobalSection
	GlobalSection(SolutionProperties) = preSolution
		HideSolutionNode = FALSE
	EndGlobalSection
	GlobalSection(ExtensibilityGlobals) = postSolution
		SolutionGuid = {2E3630C6-E6E8-4156-90B9-585694FEDBEF}
	EndGlobalSection
EndGlobal
